<?xml version="1.0" encoding="utf-8"?>
<Project ToolsVersion="4.0" xmlns="http://schemas.microsoft.com/developer/msbuild/2003">
  <ItemGroup>
    <Filter Include="Resource Files">
      <UniqueIdentifier>{67DA6AB6-F800-4c08-8B7A-83BB121AAD01}</UniqueIdentifier>
      <Extensions>rc;ico;cur;bmp;dlg;rc2;rct;bin;rgs;gif;jpg;jpeg;jpe;resx;tiff;tif;png;wav;mfcribbon-ms</Extensions>
    </Filter>
    <Filter Include="Shaders">
      <UniqueIdentifier>{db7fe86d-19ee-4a38-a245-1ae77cda6f10}</UniqueIdentifier>
    </Filter>
    <Filter Include="Engine">
      <UniqueIdentifier>{78be413d-ff62-4a7f-8960-0d3d2f0ff710}</UniqueIdentifier>
    </Filter>
    <Filter Include="Game">
      <UniqueIdentifier>{a8aa7e03-89d1-424a-840b-126e3a1c2a71}</UniqueIdentifier>
    </Filter>
  </ItemGroup>
  <ItemGroup>
    <None Include="shaders\basic.frag">
      <Filter>Shaders</Filter>
    </None>
    <None Include="shaders\basic.vert">
      <Filter>Shaders</Filter>
    </None>
    <None Include="shaders\basic_dir.frag">
      <Filter>Shaders</Filter>
    </None>
    <None Include="shaders\basic_dir.vert">
      <Filter>Shaders</Filter>
    </None>
    <None Include="shaders\basic_point.frag">
      <Filter>Shaders</Filter>
    </None>
    <None Include="shaders\basic_point.vert">
      <Filter>Shaders</Filter>
    </None>
    <None Include="shaders\light.frag">
      <Filter>Shaders</Filter>
    </None>
    <None Include="shaders\light.vert">
      <Filter>Shaders</Filter>
    </None>
    <None Include="shaders\basic_spot.frag">
      <Filter>Shaders</Filter>
    </None>
    <None Include="shaders\basic_spot.vert">
      <Filter>Shaders</Filter>
    </None>
  </ItemGroup>
  <ItemGroup>
    <ClCompile Include="src\game\Board.cpp">
      <Filter>Game</Filter>
    </ClCompile>
    <ClCompile Include="src\engine\Camera.cpp">
      <Filter>Engine</Filter>
    </ClCompile>
    <ClCompile Include="src\engine\Game.cpp">
      <Filter>Engine</Filter>
    </ClCompile>
    <ClCompile Include="src\engine\main.cpp">
      <Filter>Engine</Filter>
    </ClCompile>
    <ClCompile Include="src\engine\Material.cpp">
      <Filter>Engine</Filter>
    </ClCompile>
    <ClCompile Include="src\engine\Mesh.cpp">
      <Filter>Engine</Filter>
    </ClCompile>
    <ClCompile Include="src\engine\Model.cpp">
      <Filter>Engine</Filter>
    </ClCompile>
    <ClCompile Include="src\engine\ShaderProgram.cpp">
      <Filter>Engine</Filter>
    </ClCompile>
    <ClCompile Include="src\engine\Texture2D.cpp">
      <Filter>Engine</Filter>
    </ClCompile>
    <ClCompile Include="src\game\Creature.cpp">
      <Filter>Game</Filter>
    </ClCompile>
    <ClCompile Include="src\game\Field.cpp">
      <Filter>Game</Filter>
    </ClCompile>
  </ItemGroup>
  <ItemGroup>
    <ClInclude Include="src\game\Board.h">
      <Filter>Game</Filter>
    </ClInclude>
    <ClInclude Include="src\engine\Camera.h">
      <Filter>Engine</Filter>
    </ClInclude>
    <ClInclude Include="src\engine\Game.h">
      <Filter>Engine</Filter>
    </ClInclude>
    <ClInclude Include="src\engine\libs.h">
      <Filter>Engine</Filter>
    </ClInclude>
    <ClInclude Include="src\engine\Material.h">
      <Filter>Engine</Filter>
    </ClInclude>
    <ClInclude Include="src\engine\Mesh.h">
      <Filter>Engine</Filter>
    </ClInclude>
    <ClInclude Include="src\engine\Model.h">
      <Filter>Engine</Filter>
    </ClInclude>
    <ClInclude Include="src\engine\ShaderProgram.h">
      <Filter>Engine</Filter>
    </ClInclude>
    <ClInclude Include="src\engine\Texture2D.h">
      <Filter>Engine</Filter>
    </ClInclude>
    <ClInclude Include="src\game\Creature.h">
      <Filter>Game</Filter>
    </ClInclude>
    <ClInclude Include="src\game\Field.h">
      <Filter>Game</Filter>
    </ClInclude>
  </ItemGroup>
</Project>